// !$*UTF8*$!
{
	archiveVersion = 1;
	classes = {
	};
	objectVersion = 50;
	objects = {

/* Begin PBXBuildFile section */
		C23C49912686088200D12DF4 /* AppDelegate.swift in Sources */ = {isa = PBXBuildFile; fileRef = C23C49902686088200D12DF4 /* AppDelegate.swift */; };
		C23C49932686088200D12DF4 /* SceneDelegate.swift in Sources */ = {isa = PBXBuildFile; fileRef = C23C49922686088200D12DF4 /* SceneDelegate.swift */; };
		C23C49952686088200D12DF4 /* ViewController.swift in Sources */ = {isa = PBXBuildFile; fileRef = C23C49942686088200D12DF4 /* ViewController.swift */; };
		C23C49982686088200D12DF4 /* Main.storyboard in Resources */ = {isa = PBXBuildFile; fileRef = C23C49962686088200D12DF4 /* Main.storyboard */; };
		C23C499A2686088400D12DF4 /* Assets.xcassets in Resources */ = {isa = PBXBuildFile; fileRef = C23C49992686088400D12DF4 /* Assets.xcassets */; };
		C23C499D2686088400D12DF4 /* LaunchScreen.storyboard in Resources */ = {isa = PBXBuildFile; fileRef = C23C499B2686088400D12DF4 /* LaunchScreen.storyboard */; };
		C23C49A5268608D100D12DF4 /* HostingView.swift in Sources */ = {isa = PBXBuildFile; fileRef = C23C49A4268608D100D12DF4 /* HostingView.swift */; };
		C23C49A7268608DE00D12DF4 /* ForeachView.swift in Sources */ = {isa = PBXBuildFile; fileRef = C23C49A6268608DE00D12DF4 /* ForeachView.swift */; };
		C23C49A926860E3700D12DF4 /* TestController.swift in Sources */ = {isa = PBXBuildFile; fileRef = C23C49A826860E3700D12DF4 /* TestController.swift */; };
/* End PBXBuildFile section */

/* Begin PBXFileReference section */
		C23C498D2686088200D12DF4 /* HostScrollAutolayoutCodeE.app */ = {isa = PBXFileReference; explicitFileType = wrapper.application; includeInIndex = 0; path = HostScrollAutolayoutCodeE.app; sourceTree = BUILT_PRODUCTS_DIR; };
		C23C49902686088200D12DF4 /* AppDelegate.swift */ = {isa = PBXFileReference; lastKnownFileType = sourcecode.swift; path = AppDelegate.swift; sourceTree = "<group>"; };
		C23C49922686088200D12DF4 /* SceneDelegate.swift */ = {isa = PBXFileReference; lastKnownFileType = sourcecode.swift; path = SceneDelegate.swift; sourceTree = "<group>"; };
		C23C49942686088200D12DF4 /* ViewController.swift */ = {isa = PBXFileReference; lastKnownFileType = sourcecode.swift; path = ViewController.swift; sourceTree = "<group>"; };
		C23C49972686088200D12DF4 /* Base */ = {isa = PBXFileReference; lastKnownFileType = file.storyboard; name = Base; path = Base.lproj/Main.storyboard; sourceTree = "<group>"; };
		C23C49992686088400D12DF4 /* Assets.xcassets */ = {isa = PBXFileReference; lastKnownFileType = folder.assetcatalog; path = Assets.xcassets; sourceTree = "<group>"; };
		C23C499C2686088400D12DF4 /* Base */ = {isa = PBXFileReference; lastKnownFileType = file.storyboard; name = Base; path = Base.lproj/LaunchScreen.storyboard; sourceTree = "<group>"; };
		C23C499E2686088400D12DF4 /* Info.plist */ = {isa = PBXFileReference; lastKnownFileType = text.plist.xml; path = Info.plist; sourceTree = "<group>"; };
		C23C49A4268608D100D12DF4 /* HostingView.swift */ = {isa = PBXFileReference; fileEncoding = 4; lastKnownFileType = sourcecode.swift; path = HostingView.swift; sourceTree = "<group>"; };
		C23C49A6268608DE00D12DF4 /* ForeachView.swift */ = {isa = PBXFileReference; fileEncoding = 4; lastKnownFileType = sourcecode.swift; path = ForeachView.swift; sourceTree = "<group>"; };
		C23C49A826860E3700D12DF4 /* TestController.swift */ = {isa = PBXFileReference; lastKnownFileType = sourcecode.swift; path = TestController.swift; sourceTree = "<group>"; };
/* End PBXFileReference section */

/* Begin PBXFrameworksBuildPhase section */
		C23C498A2686088200D12DF4 /* Frameworks */ = {
			isa = PBXFrameworksBuildPhase;
			buildActionMask = 2147483647;
			files = (
			);
			runOnlyForDeploymentPostprocessing = 0;
		};
/* End PBXFrameworksBuildPhase section */

/* Begin PBXGroup section */
		C23C49842686088200D12DF4 = {
			isa = PBXGroup;
			children = (
				C23C498F2686088200D12DF4 /* HostScrollAutolayoutCodeE */,
				C23C498E2686088200D12DF4 /* Products */,
			);
			sourceTree = "<group>";
		};
		C23C498E2686088200D12DF4 /* Products */ = {
			isa = PBXGroup;
			children = (
				C23C498D2686088200D12DF4 /* HostScrollAutolayoutCodeE.app */,
			);
			name = Products;
			sourceTree = "<group>";
		};
		C23C498F2686088200D12DF4 /* HostScrollAutolayoutCodeE */ = {
			isa = PBXGroup;
			children = (
				C23C49902686088200D12DF4 /* AppDelegate.swift */,
				C23C49922686088200D12DF4 /* SceneDelegate.swift */,
				C23C49942686088200D12DF4 /* ViewController.swift */,
				C23C49A826860E3700D12DF4 /* TestController.swift */,
				C23C49A4268608D100D12DF4 /* HostingView.swift */,
				C23C49A6268608DE00D12DF4 /* ForeachView.swift */,
				C23C49962686088200D12DF4 /* Main.storyboard */,
				C23C49992686088400D12DF4 /* Assets.xcassets */,
				C23C499B2686088400D12DF4 /* LaunchScreen.storyboard */,
				C23C499E2686088400D12DF4 /* Info.plist */,
			);
			path = HostScrollAutolayoutCodeE;
			sourceTree = "<group>";
		};
/* End PBXGroup section */

/* Begin PBXNativeTarget section */
		C23C498C2686088200D12DF4 /* HostScrollAutolayoutCodeE */ = {
			isa = PBXNativeTarget;
			buildConfigurationList = C23C49A12686088400D12DF4 /* Build configuration list for PBXNativeTarget "HostScrollAutolayoutCodeE" */;
			buildPhases = (
				C23C49892686088200D12DF4 /* Sources */,
				C23C498A2686088200D12DF4 /* Frameworks */,
				C23C498B2686088200D12DF4 /* Resources */,
			);
			buildRules = (
			);
			dependencies = (
			);
			name = HostScrollAutolayoutCodeE;
			productName = tttt;
			productReference = C23C498D2686088200D12DF4 /* HostScrollAutolayoutCodeE.app */;
			productType = "com.apple.product-type.application";
		};
/* End PBXNativeTarget section */

/* Begin PBXProject section */
		C23C49852686088200D12DF4 /* Project object */ = {
			isa = PBXProject;
			attributes = {
				LastSwiftUpdateCheck = 1250;
				LastUpgradeCheck = 1250;
				TargetAttributes = {
					C23C498C2686088200D12DF4 = {
						CreatedOnToolsVersion = 12.5.1;
					};
				};
			};
			buildConfigurationList = C23C49882686088200D12DF4 /* Build configuration list for PBXProject "HostScrollAutolayoutCodeE" */;
			compatibilityVersion = "Xcode 9.3";
			developmentRegion = en;
			hasScannedForEncodings = 0;
			knownRegions = (
				en,
				Base,
			);
			mainGroup = C23C49842686088200D12DF4;
			productRefGroup = C23C498E2686088200D12DF4 /* Products */;
			projectDirPath = "";
			projectRoot = "";
			targets = (
				C23C498C2686088200D12DF4 /* HostScrollAutolayoutCodeE */,
			);
		};
/* End PBXProject section */

/* Begin PBXResourcesBuildPhase section */
		C23C498B2686088200D12DF4 /* Resources */ = {
			isa = PBXResourcesBuildPhase;
			buildActionMask = 2147483647;
			files = (
				C23C499D2686088400D12DF4 /* LaunchScreen.storyboard in Resources */,
				C23C499A2686088400D12DF4 /* Assets.xcassets in Resources */,
				C23C49982686088200D12DF4 /* Main.storyboard in Resources */,
			);
			runOnlyForDeploymentPostprocessing = 0;
		};
/* End PBXResourcesBuildPhase section */

/* Begin PBXSourcesBuildPhase section */
		C23C49892686088200D12DF4 /* Sources */ = {
			isa = PBXSourcesBuildPhase;
			buildActionMask = 2147483647;
			files = (
				C23C49952686088200D12DF4 /* ViewController.swift in Sources */,
				C23C49A7268608DE00D12DF4 /* ForeachView.swift in Sources */,
				C23C49912686088200D12DF4 /* AppDelegate.swift in Sources */,
				C23C49A926860E3700D12DF4 /* TestController.swift in Sources */,
				C23C49932686088200D12DF4 /* SceneDelegate.swift in Sources */,
				C23C49A5268608D100D12DF4 /* HostingView.swift in Sources */,
			);
			runOnlyForDeploymentPostprocessing = 0;
		};
/* End PBXSourcesBuildPhase section */

/* Begin PBXVariantGroup section */
		C23C49962686088200D12DF4 /* Main.storyboard */ = {
			isa = PBXVariantGroup;
			children = (
				C23C49972686088200D12DF4 /* Base */,
			);
			name = Main.storyboard;
			sourceTree = "<group>";
		};
		C23C499B2686088400D12DF4 /* LaunchScreen.storyboard */ = {
			isa = PBXVariantGroup;
			children = (
				C23C499C2686088400D12DF4 /* Base */,
			);
			name = LaunchScreen.storyboard;
			sourceTree = "<group>";
		};
/* End PBXVariantGroup section */

/* Begin XCBuildConfiguration section */
		C23C499F2686088400D12DF4 /* Debug */ = {
			isa = XCBuildConfiguration;
			buildSettings = {
				ALWAYS_SEARCH_USER_PATHS = NO;
				CLANG_ANALYZER_NONNULL = YES;
				CLANG_ANALYZER_NUMBER_OBJECT_CONVERSION = YES_AGGRESSIVE;
				CLANG_CXX_LANGUAGE_STANDARD = "gnu++14";
				CLANG_CXX_LIBRARY = "libc++";
				CLANG_ENABLE_MODULES = YES;
				CLANG_ENABLE_OBJC_ARC = YES;
				CLANG_ENABLE_OBJC_WEAK = YES;
				CLANG_WARN_BLOCK_CAPTURE_AUTORELEASING = YES;
				CLANG_WARN_BOOL_CONVERSION = YES;
				CLANG_WARN_COMMA = YES;
				CLANG_WARN_CONSTANT_CONVERSION = YES;
				CLANG_WARN_DEPRECATED_OBJC_IMPLEMENTATIONS = YES;
				CLANG_WARN_DIRECT_OBJC_ISA_USAGE = YES_ERROR;
				CLANG_WARN_DOCUMENTATION_COMMENTS = YES;
				CLANG_WARN_EMPTY_BODY = YES;
				CLANG_WARN_ENUM_CONVERSION = YES;
				CLANG_WARN_INFINITE_RECURSION = YES;
				CLANG_WARN_INT_CONVERSION = YES;
				CLANG_WARN_NON_LITERAL_NULL_CONVERSION = YES;
				CLANG_WARN_OBJC_IMPLICIT_RETAIN_SELF = YES;
				CLANG_WARN_OBJC_LITERAL_CONVERSION = YES;
				CLANG_WARN_OBJC_ROOT_CLASS = YES_ERROR;
				CLANG_WARN_QUOTED_INCLUDE_IN_FRAMEWORK_HEADER = YES;
				CLANG_WARN_RANGE_LOOP_ANALYSIS = YES;
				CLANG_WARN_STRICT_PROTOTYPES = YES;
				CLANG_WARN_SUSPICIOUS_MOVE = YES;
				CLANG_WARN_UNGUARDED_AVAILABILITY = YES_AGGRESSIVE;
				CLANG_WARN_UNREACHABLE_CODE = YES;
				CLANG_WARN__DUPLICATE_METHOD_MATCH = YES;
				COPY_PHASE_STRIP = NO;
				DEBUG_INFORMATION_FORMAT = dwarf;
				ENABLE_STRICT_OBJC_MSGSEND = YES;
				ENABLE_TESTABILITY = YES;
				GCC_C_LANGUAGE_STANDARD = gnu11;
				GCC_DYNAMIC_NO_PIC = NO;
				GCC_NO_COMMON_BLOCKS = YES;
				GCC_OPTIMIZATION_LEVEL = 0;
				GCC_PREPROCESSOR_DEFINITIONS = (
					"DEBUG=1",
					"$(inherited)",
				);
				GCC_WARN_64_TO_32_BIT_CONVERSION = YES;
				GCC_WARN_ABOUT_RETURN_TYPE = YES_ERROR;
				GCC_WARN_UNDECLARED_SELECTOR = YES;
				GCC_WARN_UNINITIALIZED_AUTOS = YES_AGGRESSIVE;
				GCC_WARN_UNUSED_FUNCTION = YES;
				GCC_WARN_UNUSED_VARIABLE = YES;
				IPHONEOS_DEPLOYMENT_TARGET = 14.5;
				MTL_ENABLE_DEBUG_INFO = INCLUDE_SOURCE;
				MTL_FAST_MATH = YES;
				ONLY_ACTIVE_ARCH = YES;
				SDKROOT = iphoneos;
				SWIFT_ACTIVE_COMPILATION_CONDITIONS = DEBUG;
				SWIFT_OPTIMIZATION_LEVEL = "-Onone";
			};
			name = Debug;
		};
		C23C49A02686088400D12DF4 /* Release */ = {
			isa = XCBuildConfiguration;
			buildSettings = {
				ALWAYS_SEARCH_USER_PATHS = NO;
				CLANG_ANALYZER_NONNULL = YES;
				CLANG_ANALYZER_NUMBER_OBJECT_CONVERSION = YES_AGGRESSIVE;
				CLANG_CXX_LANGUAGE_STANDARD = "gnu++14";
				CLANG_CXX_LIBRARY = "libc++";
				CLANG_ENABLE_MODULES = YES;
				CLANG_ENABLE_OBJC_ARC = YES;
				CLANG_ENABLE_OBJC_WEAK = YES;
				CLANG_WARN_BLOCK_CAPTURE_AUTORELEASING = YES;
				CLANG_WARN_BOOL_CONVERSION = YES;
				CLANG_WARN_COMMA = YES;
				CLANG_WARN_CONSTANT_CONVERSION = YES;
				CLANG_WARN_DEPRECATED_OBJC_IMPLEMENTATIONS = YES;
				CLANG_WARN_DIRECT_OBJC_ISA_USAGE = YES_ERROR;
				CLANG_WARN_DOCUMENTATION_COMMENTS = YES;
				CLANG_WARN_EMPTY_BODY = YES;
				CLANG_WARN_ENUM_CONVERSION = YES;
				CLANG_WARN_INFINITE_RECURSION = YES;
				CLANG_WARN_INT_CONVERSION = YES;
				CLANG_WARN_NON_LITERAL_NULL_CONVERSION = YES;
				CLANG_WARN_OBJC_IMPLICIT_RETAIN_SELF = YES;
				CLANG_WARN_OBJC_LITERAL_CONVERSION = YES;
				CLANG_WARN_OBJC_ROOT_CLASS = YES_ERROR;
				CLANG_WARN_QUOTED_INCLUDE_IN_FRAMEWORK_HEADER = YES;
				CLANG_WARN_RANGE_LOOP_ANALYSIS = YES;
				CLANG_WARN_STRICT_PROTOTYPES = YES;
				CLANG_WARN_SUSPICIOUS_MOVE = YES;
				CLANG_WARN_UNGUARDED_AVAILABILITY = YES_AGGRESSIVE;
				CLANG_WARN_UNREACHABLE_CODE = YES;
				CLANG_WARN__DUPLICATE_METHOD_MATCH = YES;
				COPY_PHASE_STRIP = NO;
				DEBUG_INFORMATION_FORMAT = "dwarf-with-dsym";
				ENABLE_NS_ASSERTIONS = NO;
				ENABLE_STRICT_OBJC_MSGSEND = YES;
				GCC_C_LANGUAGE_STANDARD = gnu11;
				GCC_NO_COMMON_BLOCKS = YES;
				GCC_WARN_64_TO_32_BIT_CONVERSION = YES;
				GCC_WARN_ABOUT_RETURN_TYPE = YES_ERROR;
				GCC_WARN_UNDECLARED_SELECTOR = YES;
				GCC_WARN_UNINITIALIZED_AUTOS = YES_AGGRESSIVE;
				GCC_WARN_UNUSED_FUNCTION = YES;
				GCC_WARN_UNUSED_VARIABLE = YES;
				IPHONEOS_DEPLOYMENT_TARGET = 14.5;
				MTL_ENABLE_DEBUG_INFO = NO;
				MTL_FAST_MATH = YES;
				SDKROOT = iphoneos;
				SWIFT_COMPILATION_MODE = wholemodule;
				SWIFT_OPTIMIZATION_LEVEL = "-O";
				VALIDATE_PRODUCT = YES;
			};
			name = Release;
		};
		C23C49A22686088400D12DF4 /* Debug */ = {
			isa = XCBuildConfiguration;
			buildSettings = {
				ASSETCATALOG_COMPILER_APPICON_NAME = AppIcon;
				ASSETCATALOG_COMPILER_GLOBAL_ACCENT_COLOR_NAME = AccentColor;
				CODE_SIGN_STYLE = Automatic;
				INFOPLIST_FILE = "$(SRCROOT)/HostScrollAutolayoutCodeE/Info.plist";
				LD_RUNPATH_SEARCH_PATHS = (
					"$(inherited)",
					"@executable_path/Frameworks",
				);
				PRODUCT_BUNDLE_IDENTIFIER = zindex.tttt;
				PRODUCT_NAME = "$(TARGET_NAME)";
				SWIFT_VERSION = 5.0;
				TARGETED_DEVICE_FAMILY = "1,2";
			};
			name = Debug;
		};
		C23C49A32686088400D12DF4 /* Release */ = {
			isa = XCBuildConfiguration;
			buildSettings = {
				ASSETCATALOG_COMPILER_APPICON_NAME = AppIcon;
				ASSETCATALOG_COMPILER_GLOBAL_ACCENT_COLOR_NAME = AccentColor;
				CODE_SIGN_STYLE = Automatic;
				INFOPLIST_FILE = "$(SRCROOT)/HostScrollAutolayoutCodeE/Info.plist";
				LD_RUNPATH_SEARCH_PATHS = (
					"$(inherited)",
					"@executable_path/Frameworks",
				);
				PRODUCT_BUNDLE_IDENTIFIER = zindex.tttt;
				PRODUCT_NAME = "$(TARGET_NAME)";
				SWIFT_VERSION = 5.0;
				TARGETED_DEVICE_FAMILY = "1,2";
			};
			name = Release;
		};
/* End XCBuildConfiguration section */

/* Begin XCConfigurationList section */
		C23C49882686088200D12DF4 /* Build configuration list for PBXProject "HostScrollAutolayoutCodeE" */ = {
			isa = XCConfigurationList;
			buildConfigurations = (
				C23C499F2686088400D12DF4 /* Debug */,
				C23C49A02686088400D12DF4 /* Release */,
			);
			defaultConfigurationIsVisible = 0;
			defaultConfigurationName = Release;
		};
		C23C49A12686088400D12DF4 /* Build configuration list for PBXNativeTarget "HostScrollAutolayoutCodeE" */ = {
			isa = XCConfigurationList;
			buildConfigurations = (
				C23C49A22686088400D12DF4 /* Debug */,
				C23C49A32686088400D12DF4 /* Release */,
			);
			defaultConfigurationIsVisible = 0;
			defaultConfigurationName = Release;
		};
/* End XCConfigurationList section */
	};
	rootObject = C23C49852686088200D12DF4 /* Project object */;
}
