// !$*UTF8*$!
{
	archiveVersion = 1;
	classes = {
	};
	objectVersion = 50;
	objects = {

/* Begin PBXBuildFile section */
		C26475CD26908B8C009C84CA /* AppDelegate.swift in Sources */ = {isa = PBXBuildFile; fileRef = C26475CC26908B8C009C84CA /* AppDelegate.swift */; };
		C26475CF26908B8C009C84CA /* SceneDelegate.swift in Sources */ = {isa = PBXBuildFile; fileRef = C26475CE26908B8C009C84CA /* SceneDelegate.swift */; };
		C26475D126908B8C009C84CA /* ViewController.swift in Sources */ = {isa = PBXBuildFile; fileRef = C26475D026908B8C009C84CA /* ViewController.swift */; };
		C26475D426908B8C009C84CA /* Main.storyboard in Resources */ = {isa = PBXBuildFile; fileRef = C26475D226908B8C009C84CA /* Main.storyboard */; };
		C26475D626908B8E009C84CA /* Assets.xcassets in Resources */ = {isa = PBXBuildFile; fileRef = C26475D526908B8E009C84CA /* Assets.xcassets */; };
		C26475D926908B8E009C84CA /* LaunchScreen.storyboard in Resources */ = {isa = PBXBuildFile; fileRef = C26475D726908B8E009C84CA /* LaunchScreen.storyboard */; };
		C26475E126908BAC009C84CA /* ScrollView.swift in Sources */ = {isa = PBXBuildFile; fileRef = C26475E026908BAC009C84CA /* ScrollView.swift */; };
/* End PBXBuildFile section */

/* Begin PBXFileReference section */
		C26475C926908B8C009C84CA /* ScrollPosition.app */ = {isa = PBXFileReference; explicitFileType = wrapper.application; includeInIndex = 0; path = ScrollPosition.app; sourceTree = BUILT_PRODUCTS_DIR; };
		C26475CC26908B8C009C84CA /* AppDelegate.swift */ = {isa = PBXFileReference; lastKnownFileType = sourcecode.swift; path = AppDelegate.swift; sourceTree = "<group>"; };
		C26475CE26908B8C009C84CA /* SceneDelegate.swift */ = {isa = PBXFileReference; lastKnownFileType = sourcecode.swift; path = SceneDelegate.swift; sourceTree = "<group>"; };
		C26475D026908B8C009C84CA /* ViewController.swift */ = {isa = PBXFileReference; lastKnownFileType = sourcecode.swift; path = ViewController.swift; sourceTree = "<group>"; };
		C26475D326908B8C009C84CA /* Base */ = {isa = PBXFileReference; lastKnownFileType = file.storyboard; name = Base; path = Base.lproj/Main.storyboard; sourceTree = "<group>"; };
		C26475D526908B8E009C84CA /* Assets.xcassets */ = {isa = PBXFileReference; lastKnownFileType = folder.assetcatalog; path = Assets.xcassets; sourceTree = "<group>"; };
		C26475D826908B8E009C84CA /* Base */ = {isa = PBXFileReference; lastKnownFileType = file.storyboard; name = Base; path = Base.lproj/LaunchScreen.storyboard; sourceTree = "<group>"; };
		C26475DA26908B8E009C84CA /* Info.plist */ = {isa = PBXFileReference; lastKnownFileType = text.plist.xml; path = Info.plist; sourceTree = "<group>"; };
		C26475E026908BAC009C84CA /* ScrollView.swift */ = {isa = PBXFileReference; lastKnownFileType = sourcecode.swift; path = ScrollView.swift; sourceTree = "<group>"; };
/* End PBXFileReference section */

/* Begin PBXFrameworksBuildPhase section */
		C26475C626908B8C009C84CA /* Frameworks */ = {
			isa = PBXFrameworksBuildPhase;
			buildActionMask = 2147483647;
			files = (
			);
			runOnlyForDeploymentPostprocessing = 0;
		};
/* End PBXFrameworksBuildPhase section */

/* Begin PBXGroup section */
		C26475C026908B8C009C84CA = {
			isa = PBXGroup;
			children = (
				C26475CB26908B8C009C84CA /* ScrollPosition */,
				C26475CA26908B8C009C84CA /* Products */,
			);
			sourceTree = "<group>";
		};
		C26475CA26908B8C009C84CA /* Products */ = {
			isa = PBXGroup;
			children = (
				C26475C926908B8C009C84CA /* ScrollPosition.app */,
			);
			name = Products;
			sourceTree = "<group>";
		};
		C26475CB26908B8C009C84CA /* ScrollPosition */ = {
			isa = PBXGroup;
			children = (
				C26475CC26908B8C009C84CA /* AppDelegate.swift */,
				C26475CE26908B8C009C84CA /* SceneDelegate.swift */,
				C26475D026908B8C009C84CA /* ViewController.swift */,
				C26475E026908BAC009C84CA /* ScrollView.swift */,
				C26475D226908B8C009C84CA /* Main.storyboard */,
				C26475D526908B8E009C84CA /* Assets.xcassets */,
				C26475D726908B8E009C84CA /* LaunchScreen.storyboard */,
				C26475DA26908B8E009C84CA /* Info.plist */,
			);
			path = ScrollPosition;
			sourceTree = "<group>";
		};
/* End PBXGroup section */

/* Begin PBXNativeTarget section */
		C26475C826908B8C009C84CA /* ScrollPosition */ = {
			isa = PBXNativeTarget;
			buildConfigurationList = C26475DD26908B8E009C84CA /* Build configuration list for PBXNativeTarget "ScrollPosition" */;
			buildPhases = (
				C26475C526908B8C009C84CA /* Sources */,
				C26475C626908B8C009C84CA /* Frameworks */,
				C26475C726908B8C009C84CA /* Resources */,
			);
			buildRules = (
			);
			dependencies = (
			);
			name = ScrollPosition;
			productName = ScrollPosition;
			productReference = C26475C926908B8C009C84CA /* ScrollPosition.app */;
			productType = "com.apple.product-type.application";
		};
/* End PBXNativeTarget section */

/* Begin PBXProject section */
		C26475C126908B8C009C84CA /* Project object */ = {
			isa = PBXProject;
			attributes = {
				LastSwiftUpdateCheck = 1250;
				LastUpgradeCheck = 1250;
				TargetAttributes = {
					C26475C826908B8C009C84CA = {
						CreatedOnToolsVersion = 12.5.1;
					};
				};
			};
			buildConfigurationList = C26475C426908B8C009C84CA /* Build configuration list for PBXProject "ScrollPosition" */;
			compatibilityVersion = "Xcode 9.3";
			developmentRegion = en;
			hasScannedForEncodings = 0;
			knownRegions = (
				en,
				Base,
			);
			mainGroup = C26475C026908B8C009C84CA;
			productRefGroup = C26475CA26908B8C009C84CA /* Products */;
			projectDirPath = "";
			projectRoot = "";
			targets = (
				C26475C826908B8C009C84CA /* ScrollPosition */,
			);
		};
/* End PBXProject section */

/* Begin PBXResourcesBuildPhase section */
		C26475C726908B8C009C84CA /* Resources */ = {
			isa = PBXResourcesBuildPhase;
			buildActionMask = 2147483647;
			files = (
				C26475D926908B8E009C84CA /* LaunchScreen.storyboard in Resources */,
				C26475D626908B8E009C84CA /* Assets.xcassets in Resources */,
				C26475D426908B8C009C84CA /* Main.storyboard in Resources */,
			);
			runOnlyForDeploymentPostprocessing = 0;
		};
/* End PBXResourcesBuildPhase section */

/* Begin PBXSourcesBuildPhase section */
		C26475C526908B8C009C84CA /* Sources */ = {
			isa = PBXSourcesBuildPhase;
			buildActionMask = 2147483647;
			files = (
				C26475D126908B8C009C84CA /* ViewController.swift in Sources */,
				C26475E126908BAC009C84CA /* ScrollView.swift in Sources */,
				C26475CD26908B8C009C84CA /* AppDelegate.swift in Sources */,
				C26475CF26908B8C009C84CA /* SceneDelegate.swift in Sources */,
			);
			runOnlyForDeploymentPostprocessing = 0;
		};
/* End PBXSourcesBuildPhase section */

/* Begin PBXVariantGroup section */
		C26475D226908B8C009C84CA /* Main.storyboard */ = {
			isa = PBXVariantGroup;
			children = (
				C26475D326908B8C009C84CA /* Base */,
			);
			name = Main.storyboard;
			sourceTree = "<group>";
		};
		C26475D726908B8E009C84CA /* LaunchScreen.storyboard */ = {
			isa = PBXVariantGroup;
			children = (
				C26475D826908B8E009C84CA /* Base */,
			);
			name = LaunchScreen.storyboard;
			sourceTree = "<group>";
		};
/* End PBXVariantGroup section */

/* Begin XCBuildConfiguration section */
		C26475DB26908B8E009C84CA /* Debug */ = {
			isa = XCBuildConfiguration;
			buildSettings = {
				ALWAYS_SEARCH_USER_PATHS = NO;
				CLANG_ANALYZER_NONNULL = YES;
				CLANG_ANALYZER_NUMBER_OBJECT_CONVERSION = YES_AGGRESSIVE;
				CLANG_CXX_LANGUAGE_STANDARD = "gnu++14";
				CLANG_CXX_LIBRARY = "libc++";
				CLANG_ENABLE_MODULES = YES;
				CLANG_ENABLE_OBJC_ARC = YES;
				CLANG_ENABLE_OBJC_WEAK = YES;
				CLANG_WARN_BLOCK_CAPTURE_AUTORELEASING = YES;
				CLANG_WARN_BOOL_CONVERSION = YES;
				CLANG_WARN_COMMA = YES;
				CLANG_WARN_CONSTANT_CONVERSION = YES;
				CLANG_WARN_DEPRECATED_OBJC_IMPLEMENTATIONS = YES;
				CLANG_WARN_DIRECT_OBJC_ISA_USAGE = YES_ERROR;
				CLANG_WARN_DOCUMENTATION_COMMENTS = YES;
				CLANG_WARN_EMPTY_BODY = YES;
				CLANG_WARN_ENUM_CONVERSION = YES;
				CLANG_WARN_INFINITE_RECURSION = YES;
				CLANG_WARN_INT_CONVERSION = YES;
				CLANG_WARN_NON_LITERAL_NULL_CONVERSION = YES;
				CLANG_WARN_OBJC_IMPLICIT_RETAIN_SELF = YES;
				CLANG_WARN_OBJC_LITERAL_CONVERSION = YES;
				CLANG_WARN_OBJC_ROOT_CLASS = YES_ERROR;
				CLANG_WARN_QUOTED_INCLUDE_IN_FRAMEWORK_HEADER = YES;
				CLANG_WARN_RANGE_LOOP_ANALYSIS = YES;
				CLANG_WARN_STRICT_PROTOTYPES = YES;
				CLANG_WARN_SUSPICIOUS_MOVE = YES;
				CLANG_WARN_UNGUARDED_AVAILABILITY = YES_AGGRESSIVE;
				CLANG_WARN_UNREACHABLE_CODE = YES;
				CLANG_WARN__DUPLICATE_METHOD_MATCH = YES;
				COPY_PHASE_STRIP = NO;
				DEBUG_INFORMATION_FORMAT = dwarf;
				ENABLE_STRICT_OBJC_MSGSEND = YES;
				ENABLE_TESTABILITY = YES;
				GCC_C_LANGUAGE_STANDARD = gnu11;
				GCC_DYNAMIC_NO_PIC = NO;
				GCC_NO_COMMON_BLOCKS = YES;
				GCC_OPTIMIZATION_LEVEL = 0;
				GCC_PREPROCESSOR_DEFINITIONS = (
					"DEBUG=1",
					"$(inherited)",
				);
				GCC_WARN_64_TO_32_BIT_CONVERSION = YES;
				GCC_WARN_ABOUT_RETURN_TYPE = YES_ERROR;
				GCC_WARN_UNDECLARED_SELECTOR = YES;
				GCC_WARN_UNINITIALIZED_AUTOS = YES_AGGRESSIVE;
				GCC_WARN_UNUSED_FUNCTION = YES;
				GCC_WARN_UNUSED_VARIABLE = YES;
				IPHONEOS_DEPLOYMENT_TARGET = 14.5;
				MTL_ENABLE_DEBUG_INFO = INCLUDE_SOURCE;
				MTL_FAST_MATH = YES;
				ONLY_ACTIVE_ARCH = YES;
				SDKROOT = iphoneos;
				SWIFT_ACTIVE_COMPILATION_CONDITIONS = DEBUG;
				SWIFT_OPTIMIZATION_LEVEL = "-Onone";
			};
			name = Debug;
		};
		C26475DC26908B8E009C84CA /* Release */ = {
			isa = XCBuildConfiguration;
			buildSettings = {
				ALWAYS_SEARCH_USER_PATHS = NO;
				CLANG_ANALYZER_NONNULL = YES;
				CLANG_ANALYZER_NUMBER_OBJECT_CONVERSION = YES_AGGRESSIVE;
				CLANG_CXX_LANGUAGE_STANDARD = "gnu++14";
				CLANG_CXX_LIBRARY = "libc++";
				CLANG_ENABLE_MODULES = YES;
				CLANG_ENABLE_OBJC_ARC = YES;
				CLANG_ENABLE_OBJC_WEAK = YES;
				CLANG_WARN_BLOCK_CAPTURE_AUTORELEASING = YES;
				CLANG_WARN_BOOL_CONVERSION = YES;
				CLANG_WARN_COMMA = YES;
				CLANG_WARN_CONSTANT_CONVERSION = YES;
				CLANG_WARN_DEPRECATED_OBJC_IMPLEMENTATIONS = YES;
				CLANG_WARN_DIRECT_OBJC_ISA_USAGE = YES_ERROR;
				CLANG_WARN_DOCUMENTATION_COMMENTS = YES;
				CLANG_WARN_EMPTY_BODY = YES;
				CLANG_WARN_ENUM_CONVERSION = YES;
				CLANG_WARN_INFINITE_RECURSION = YES;
				CLANG_WARN_INT_CONVERSION = YES;
				CLANG_WARN_NON_LITERAL_NULL_CONVERSION = YES;
				CLANG_WARN_OBJC_IMPLICIT_RETAIN_SELF = YES;
				CLANG_WARN_OBJC_LITERAL_CONVERSION = YES;
				CLANG_WARN_OBJC_ROOT_CLASS = YES_ERROR;
				CLANG_WARN_QUOTED_INCLUDE_IN_FRAMEWORK_HEADER = YES;
				CLANG_WARN_RANGE_LOOP_ANALYSIS = YES;
				CLANG_WARN_STRICT_PROTOTYPES = YES;
				CLANG_WARN_SUSPICIOUS_MOVE = YES;
				CLANG_WARN_UNGUARDED_AVAILABILITY = YES_AGGRESSIVE;
				CLANG_WARN_UNREACHABLE_CODE = YES;
				CLANG_WARN__DUPLICATE_METHOD_MATCH = YES;
				COPY_PHASE_STRIP = NO;
				DEBUG_INFORMATION_FORMAT = "dwarf-with-dsym";
				ENABLE_NS_ASSERTIONS = NO;
				ENABLE_STRICT_OBJC_MSGSEND = YES;
				GCC_C_LANGUAGE_STANDARD = gnu11;
				GCC_NO_COMMON_BLOCKS = YES;
				GCC_WARN_64_TO_32_BIT_CONVERSION = YES;
				GCC_WARN_ABOUT_RETURN_TYPE = YES_ERROR;
				GCC_WARN_UNDECLARED_SELECTOR = YES;
				GCC_WARN_UNINITIALIZED_AUTOS = YES_AGGRESSIVE;
				GCC_WARN_UNUSED_FUNCTION = YES;
				GCC_WARN_UNUSED_VARIABLE = YES;
				IPHONEOS_DEPLOYMENT_TARGET = 14.5;
				MTL_ENABLE_DEBUG_INFO = NO;
				MTL_FAST_MATH = YES;
				SDKROOT = iphoneos;
				SWIFT_COMPILATION_MODE = wholemodule;
				SWIFT_OPTIMIZATION_LEVEL = "-O";
				VALIDATE_PRODUCT = YES;
			};
			name = Release;
		};
		C26475DE26908B8E009C84CA /* Debug */ = {
			isa = XCBuildConfiguration;
			buildSettings = {
				ASSETCATALOG_COMPILER_APPICON_NAME = AppIcon;
				ASSETCATALOG_COMPILER_GLOBAL_ACCENT_COLOR_NAME = AccentColor;
				CODE_SIGN_STYLE = Automatic;
				INFOPLIST_FILE = ScrollPosition/Info.plist;
				LD_RUNPATH_SEARCH_PATHS = (
					"$(inherited)",
					"@executable_path/Frameworks",
				);
				PRODUCT_BUNDLE_IDENTIFIER = zindex.ScrollPosition;
				PRODUCT_NAME = "$(TARGET_NAME)";
				SWIFT_VERSION = 5.0;
				TARGETED_DEVICE_FAMILY = "1,2";
			};
			name = Debug;
		};
		C26475DF26908B8E009C84CA /* Release */ = {
			isa = XCBuildConfiguration;
			buildSettings = {
				ASSETCATALOG_COMPILER_APPICON_NAME = AppIcon;
				ASSETCATALOG_COMPILER_GLOBAL_ACCENT_COLOR_NAME = AccentColor;
				CODE_SIGN_STYLE = Automatic;
				INFOPLIST_FILE = ScrollPosition/Info.plist;
				LD_RUNPATH_SEARCH_PATHS = (
					"$(inherited)",
					"@executable_path/Frameworks",
				);
				PRODUCT_BUNDLE_IDENTIFIER = zindex.ScrollPosition;
				PRODUCT_NAME = "$(TARGET_NAME)";
				SWIFT_VERSION = 5.0;
				TARGETED_DEVICE_FAMILY = "1,2";
			};
			name = Release;
		};
/* End XCBuildConfiguration section */

/* Begin XCConfigurationList section */
		C26475C426908B8C009C84CA /* Build configuration list for PBXProject "ScrollPosition" */ = {
			isa = XCConfigurationList;
			buildConfigurations = (
				C26475DB26908B8E009C84CA /* Debug */,
				C26475DC26908B8E009C84CA /* Release */,
			);
			defaultConfigurationIsVisible = 0;
			defaultConfigurationName = Release;
		};
		C26475DD26908B8E009C84CA /* Build configuration list for PBXNativeTarget "ScrollPosition" */ = {
			isa = XCConfigurationList;
			buildConfigurations = (
				C26475DE26908B8E009C84CA /* Debug */,
				C26475DF26908B8E009C84CA /* Release */,
			);
			defaultConfigurationIsVisible = 0;
			defaultConfigurationName = Release;
		};
/* End XCConfigurationList section */
	};
	rootObject = C26475C126908B8C009C84CA /* Project object */;
}
