// !$*UTF8*$!
{
	archiveVersion = 1;
	classes = {
	};
	objectVersion = 50;
	objects = {

/* Begin PBXBuildFile section */
		C23C554A2684156B00F2C360 /* AppDelegate.swift in Sources */ = {isa = PBXBuildFile; fileRef = C23C55492684156B00F2C360 /* AppDelegate.swift */; };
		C23C554C2684156B00F2C360 /* SceneDelegate.swift in Sources */ = {isa = PBXBuildFile; fileRef = C23C554B2684156B00F2C360 /* SceneDelegate.swift */; };
		C23C554E2684156B00F2C360 /* ViewController.swift in Sources */ = {isa = PBXBuildFile; fileRef = C23C554D2684156B00F2C360 /* ViewController.swift */; };
		C23C55512684156B00F2C360 /* Main.storyboard in Resources */ = {isa = PBXBuildFile; fileRef = C23C554F2684156B00F2C360 /* Main.storyboard */; };
		C23C55532684156C00F2C360 /* Assets.xcassets in Resources */ = {isa = PBXBuildFile; fileRef = C23C55522684156C00F2C360 /* Assets.xcassets */; };
		C23C55562684156C00F2C360 /* LaunchScreen.storyboard in Resources */ = {isa = PBXBuildFile; fileRef = C23C55542684156C00F2C360 /* LaunchScreen.storyboard */; };
		C23C555E268424CA00F2C360 /* SwiftUIView.swift in Sources */ = {isa = PBXBuildFile; fileRef = C23C555D268424CA00F2C360 /* SwiftUIView.swift */; };
/* End PBXBuildFile section */

/* Begin PBXFileReference section */
		C23C55462684156B00F2C360 /* embedSandU.app */ = {isa = PBXFileReference; explicitFileType = wrapper.application; includeInIndex = 0; path = embedSandU.app; sourceTree = BUILT_PRODUCTS_DIR; };
		C23C55492684156B00F2C360 /* AppDelegate.swift */ = {isa = PBXFileReference; lastKnownFileType = sourcecode.swift; path = AppDelegate.swift; sourceTree = "<group>"; };
		C23C554B2684156B00F2C360 /* SceneDelegate.swift */ = {isa = PBXFileReference; lastKnownFileType = sourcecode.swift; path = SceneDelegate.swift; sourceTree = "<group>"; };
		C23C554D2684156B00F2C360 /* ViewController.swift */ = {isa = PBXFileReference; lastKnownFileType = sourcecode.swift; path = ViewController.swift; sourceTree = "<group>"; };
		C23C55502684156B00F2C360 /* Base */ = {isa = PBXFileReference; lastKnownFileType = file.storyboard; name = Base; path = Base.lproj/Main.storyboard; sourceTree = "<group>"; };
		C23C55522684156C00F2C360 /* Assets.xcassets */ = {isa = PBXFileReference; lastKnownFileType = folder.assetcatalog; path = Assets.xcassets; sourceTree = "<group>"; };
		C23C55552684156C00F2C360 /* Base */ = {isa = PBXFileReference; lastKnownFileType = file.storyboard; name = Base; path = Base.lproj/LaunchScreen.storyboard; sourceTree = "<group>"; };
		C23C55572684156C00F2C360 /* Info.plist */ = {isa = PBXFileReference; lastKnownFileType = text.plist.xml; path = Info.plist; sourceTree = "<group>"; };
		C23C555D268424CA00F2C360 /* SwiftUIView.swift */ = {isa = PBXFileReference; lastKnownFileType = sourcecode.swift; path = SwiftUIView.swift; sourceTree = "<group>"; };
/* End PBXFileReference section */

/* Begin PBXFrameworksBuildPhase section */
		C23C55432684156B00F2C360 /* Frameworks */ = {
			isa = PBXFrameworksBuildPhase;
			buildActionMask = 2147483647;
			files = (
			);
			runOnlyForDeploymentPostprocessing = 0;
		};
/* End PBXFrameworksBuildPhase section */

/* Begin PBXGroup section */
		C23C553D2684156B00F2C360 = {
			isa = PBXGroup;
			children = (
				C23C55482684156B00F2C360 /* embedSandU */,
				C23C55472684156B00F2C360 /* Products */,
			);
			sourceTree = "<group>";
		};
		C23C55472684156B00F2C360 /* Products */ = {
			isa = PBXGroup;
			children = (
				C23C55462684156B00F2C360 /* embedSandU.app */,
			);
			name = Products;
			sourceTree = "<group>";
		};
		C23C55482684156B00F2C360 /* embedSandU */ = {
			isa = PBXGroup;
			children = (
				C23C55492684156B00F2C360 /* AppDelegate.swift */,
				C23C554B2684156B00F2C360 /* SceneDelegate.swift */,
				C23C554D2684156B00F2C360 /* ViewController.swift */,
				C23C555D268424CA00F2C360 /* SwiftUIView.swift */,
				C23C554F2684156B00F2C360 /* Main.storyboard */,
				C23C55522684156C00F2C360 /* Assets.xcassets */,
				C23C55542684156C00F2C360 /* LaunchScreen.storyboard */,
				C23C55572684156C00F2C360 /* Info.plist */,
			);
			path = embedSandU;
			sourceTree = "<group>";
		};
/* End PBXGroup section */

/* Begin PBXNativeTarget section */
		C23C55452684156B00F2C360 /* embedSandU */ = {
			isa = PBXNativeTarget;
			buildConfigurationList = C23C555A2684156C00F2C360 /* Build configuration list for PBXNativeTarget "embedSandU" */;
			buildPhases = (
				C23C55422684156B00F2C360 /* Sources */,
				C23C55432684156B00F2C360 /* Frameworks */,
				C23C55442684156B00F2C360 /* Resources */,
			);
			buildRules = (
			);
			dependencies = (
			);
			name = embedSandU;
			productName = embedSandU;
			productReference = C23C55462684156B00F2C360 /* embedSandU.app */;
			productType = "com.apple.product-type.application";
		};
/* End PBXNativeTarget section */

/* Begin PBXProject section */
		C23C553E2684156B00F2C360 /* Project object */ = {
			isa = PBXProject;
			attributes = {
				LastSwiftUpdateCheck = 1250;
				LastUpgradeCheck = 1250;
				TargetAttributes = {
					C23C55452684156B00F2C360 = {
						CreatedOnToolsVersion = 12.5.1;
					};
				};
			};
			buildConfigurationList = C23C55412684156B00F2C360 /* Build configuration list for PBXProject "embedSandU" */;
			compatibilityVersion = "Xcode 9.3";
			developmentRegion = en;
			hasScannedForEncodings = 0;
			knownRegions = (
				en,
				Base,
			);
			mainGroup = C23C553D2684156B00F2C360;
			productRefGroup = C23C55472684156B00F2C360 /* Products */;
			projectDirPath = "";
			projectRoot = "";
			targets = (
				C23C55452684156B00F2C360 /* embedSandU */,
			);
		};
/* End PBXProject section */

/* Begin PBXResourcesBuildPhase section */
		C23C55442684156B00F2C360 /* Resources */ = {
			isa = PBXResourcesBuildPhase;
			buildActionMask = 2147483647;
			files = (
				C23C55562684156C00F2C360 /* LaunchScreen.storyboard in Resources */,
				C23C55532684156C00F2C360 /* Assets.xcassets in Resources */,
				C23C55512684156B00F2C360 /* Main.storyboard in Resources */,
			);
			runOnlyForDeploymentPostprocessing = 0;
		};
/* End PBXResourcesBuildPhase section */

/* Begin PBXSourcesBuildPhase section */
		C23C55422684156B00F2C360 /* Sources */ = {
			isa = PBXSourcesBuildPhase;
			buildActionMask = 2147483647;
			files = (
				C23C554E2684156B00F2C360 /* ViewController.swift in Sources */,
				C23C554A2684156B00F2C360 /* AppDelegate.swift in Sources */,
				C23C555E268424CA00F2C360 /* SwiftUIView.swift in Sources */,
				C23C554C2684156B00F2C360 /* SceneDelegate.swift in Sources */,
			);
			runOnlyForDeploymentPostprocessing = 0;
		};
/* End PBXSourcesBuildPhase section */

/* Begin PBXVariantGroup section */
		C23C554F2684156B00F2C360 /* Main.storyboard */ = {
			isa = PBXVariantGroup;
			children = (
				C23C55502684156B00F2C360 /* Base */,
			);
			name = Main.storyboard;
			sourceTree = "<group>";
		};
		C23C55542684156C00F2C360 /* LaunchScreen.storyboard */ = {
			isa = PBXVariantGroup;
			children = (
				C23C55552684156C00F2C360 /* Base */,
			);
			name = LaunchScreen.storyboard;
			sourceTree = "<group>";
		};
/* End PBXVariantGroup section */

/* Begin XCBuildConfiguration section */
		C23C55582684156C00F2C360 /* Debug */ = {
			isa = XCBuildConfiguration;
			buildSettings = {
				ALWAYS_SEARCH_USER_PATHS = NO;
				CLANG_ANALYZER_NONNULL = YES;
				CLANG_ANALYZER_NUMBER_OBJECT_CONVERSION = YES_AGGRESSIVE;
				CLANG_CXX_LANGUAGE_STANDARD = "gnu++14";
				CLANG_CXX_LIBRARY = "libc++";
				CLANG_ENABLE_MODULES = YES;
				CLANG_ENABLE_OBJC_ARC = YES;
				CLANG_ENABLE_OBJC_WEAK = YES;
				CLANG_WARN_BLOCK_CAPTURE_AUTORELEASING = YES;
				CLANG_WARN_BOOL_CONVERSION = YES;
				CLANG_WARN_COMMA = YES;
				CLANG_WARN_CONSTANT_CONVERSION = YES;
				CLANG_WARN_DEPRECATED_OBJC_IMPLEMENTATIONS = YES;
				CLANG_WARN_DIRECT_OBJC_ISA_USAGE = YES_ERROR;
				CLANG_WARN_DOCUMENTATION_COMMENTS = YES;
				CLANG_WARN_EMPTY_BODY = YES;
				CLANG_WARN_ENUM_CONVERSION = YES;
				CLANG_WARN_INFINITE_RECURSION = YES;
				CLANG_WARN_INT_CONVERSION = YES;
				CLANG_WARN_NON_LITERAL_NULL_CONVERSION = YES;
				CLANG_WARN_OBJC_IMPLICIT_RETAIN_SELF = YES;
				CLANG_WARN_OBJC_LITERAL_CONVERSION = YES;
				CLANG_WARN_OBJC_ROOT_CLASS = YES_ERROR;
				CLANG_WARN_QUOTED_INCLUDE_IN_FRAMEWORK_HEADER = YES;
				CLANG_WARN_RANGE_LOOP_ANALYSIS = YES;
				CLANG_WARN_STRICT_PROTOTYPES = YES;
				CLANG_WARN_SUSPICIOUS_MOVE = YES;
				CLANG_WARN_UNGUARDED_AVAILABILITY = YES_AGGRESSIVE;
				CLANG_WARN_UNREACHABLE_CODE = YES;
				CLANG_WARN__DUPLICATE_METHOD_MATCH = YES;
				COPY_PHASE_STRIP = NO;
				DEBUG_INFORMATION_FORMAT = dwarf;
				ENABLE_STRICT_OBJC_MSGSEND = YES;
				ENABLE_TESTABILITY = YES;
				GCC_C_LANGUAGE_STANDARD = gnu11;
				GCC_DYNAMIC_NO_PIC = NO;
				GCC_NO_COMMON_BLOCKS = YES;
				GCC_OPTIMIZATION_LEVEL = 0;
				GCC_PREPROCESSOR_DEFINITIONS = (
					"DEBUG=1",
					"$(inherited)",
				);
				GCC_WARN_64_TO_32_BIT_CONVERSION = YES;
				GCC_WARN_ABOUT_RETURN_TYPE = YES_ERROR;
				GCC_WARN_UNDECLARED_SELECTOR = YES;
				GCC_WARN_UNINITIALIZED_AUTOS = YES_AGGRESSIVE;
				GCC_WARN_UNUSED_FUNCTION = YES;
				GCC_WARN_UNUSED_VARIABLE = YES;
				IPHONEOS_DEPLOYMENT_TARGET = 14.5;
				MTL_ENABLE_DEBUG_INFO = INCLUDE_SOURCE;
				MTL_FAST_MATH = YES;
				ONLY_ACTIVE_ARCH = YES;
				SDKROOT = iphoneos;
				SWIFT_ACTIVE_COMPILATION_CONDITIONS = DEBUG;
				SWIFT_OPTIMIZATION_LEVEL = "-Onone";
			};
			name = Debug;
		};
		C23C55592684156C00F2C360 /* Release */ = {
			isa = XCBuildConfiguration;
			buildSettings = {
				ALWAYS_SEARCH_USER_PATHS = NO;
				CLANG_ANALYZER_NONNULL = YES;
				CLANG_ANALYZER_NUMBER_OBJECT_CONVERSION = YES_AGGRESSIVE;
				CLANG_CXX_LANGUAGE_STANDARD = "gnu++14";
				CLANG_CXX_LIBRARY = "libc++";
				CLANG_ENABLE_MODULES = YES;
				CLANG_ENABLE_OBJC_ARC = YES;
				CLANG_ENABLE_OBJC_WEAK = YES;
				CLANG_WARN_BLOCK_CAPTURE_AUTORELEASING = YES;
				CLANG_WARN_BOOL_CONVERSION = YES;
				CLANG_WARN_COMMA = YES;
				CLANG_WARN_CONSTANT_CONVERSION = YES;
				CLANG_WARN_DEPRECATED_OBJC_IMPLEMENTATIONS = YES;
				CLANG_WARN_DIRECT_OBJC_ISA_USAGE = YES_ERROR;
				CLANG_WARN_DOCUMENTATION_COMMENTS = YES;
				CLANG_WARN_EMPTY_BODY = YES;
				CLANG_WARN_ENUM_CONVERSION = YES;
				CLANG_WARN_INFINITE_RECURSION = YES;
				CLANG_WARN_INT_CONVERSION = YES;
				CLANG_WARN_NON_LITERAL_NULL_CONVERSION = YES;
				CLANG_WARN_OBJC_IMPLICIT_RETAIN_SELF = YES;
				CLANG_WARN_OBJC_LITERAL_CONVERSION = YES;
				CLANG_WARN_OBJC_ROOT_CLASS = YES_ERROR;
				CLANG_WARN_QUOTED_INCLUDE_IN_FRAMEWORK_HEADER = YES;
				CLANG_WARN_RANGE_LOOP_ANALYSIS = YES;
				CLANG_WARN_STRICT_PROTOTYPES = YES;
				CLANG_WARN_SUSPICIOUS_MOVE = YES;
				CLANG_WARN_UNGUARDED_AVAILABILITY = YES_AGGRESSIVE;
				CLANG_WARN_UNREACHABLE_CODE = YES;
				CLANG_WARN__DUPLICATE_METHOD_MATCH = YES;
				COPY_PHASE_STRIP = NO;
				DEBUG_INFORMATION_FORMAT = "dwarf-with-dsym";
				ENABLE_NS_ASSERTIONS = NO;
				ENABLE_STRICT_OBJC_MSGSEND = YES;
				GCC_C_LANGUAGE_STANDARD = gnu11;
				GCC_NO_COMMON_BLOCKS = YES;
				GCC_WARN_64_TO_32_BIT_CONVERSION = YES;
				GCC_WARN_ABOUT_RETURN_TYPE = YES_ERROR;
				GCC_WARN_UNDECLARED_SELECTOR = YES;
				GCC_WARN_UNINITIALIZED_AUTOS = YES_AGGRESSIVE;
				GCC_WARN_UNUSED_FUNCTION = YES;
				GCC_WARN_UNUSED_VARIABLE = YES;
				IPHONEOS_DEPLOYMENT_TARGET = 14.5;
				MTL_ENABLE_DEBUG_INFO = NO;
				MTL_FAST_MATH = YES;
				SDKROOT = iphoneos;
				SWIFT_COMPILATION_MODE = wholemodule;
				SWIFT_OPTIMIZATION_LEVEL = "-O";
				VALIDATE_PRODUCT = YES;
			};
			name = Release;
		};
		C23C555B2684156C00F2C360 /* Debug */ = {
			isa = XCBuildConfiguration;
			buildSettings = {
				ASSETCATALOG_COMPILER_APPICON_NAME = AppIcon;
				ASSETCATALOG_COMPILER_GLOBAL_ACCENT_COLOR_NAME = AccentColor;
				CODE_SIGN_STYLE = Automatic;
				INFOPLIST_FILE = embedSandU/Info.plist;
				LD_RUNPATH_SEARCH_PATHS = (
					"$(inherited)",
					"@executable_path/Frameworks",
				);
				PRODUCT_BUNDLE_IDENTIFIER = zindex.embedSandU;
				PRODUCT_NAME = "$(TARGET_NAME)";
				SWIFT_VERSION = 5.0;
				TARGETED_DEVICE_FAMILY = "1,2";
			};
			name = Debug;
		};
		C23C555C2684156C00F2C360 /* Release */ = {
			isa = XCBuildConfiguration;
			buildSettings = {
				ASSETCATALOG_COMPILER_APPICON_NAME = AppIcon;
				ASSETCATALOG_COMPILER_GLOBAL_ACCENT_COLOR_NAME = AccentColor;
				CODE_SIGN_STYLE = Automatic;
				INFOPLIST_FILE = embedSandU/Info.plist;
				LD_RUNPATH_SEARCH_PATHS = (
					"$(inherited)",
					"@executable_path/Frameworks",
				);
				PRODUCT_BUNDLE_IDENTIFIER = zindex.embedSandU;
				PRODUCT_NAME = "$(TARGET_NAME)";
				SWIFT_VERSION = 5.0;
				TARGETED_DEVICE_FAMILY = "1,2";
			};
			name = Release;
		};
/* End XCBuildConfiguration section */

/* Begin XCConfigurationList section */
		C23C55412684156B00F2C360 /* Build configuration list for PBXProject "embedSandU" */ = {
			isa = XCConfigurationList;
			buildConfigurations = (
				C23C55582684156C00F2C360 /* Debug */,
				C23C55592684156C00F2C360 /* Release */,
			);
			defaultConfigurationIsVisible = 0;
			defaultConfigurationName = Release;
		};
		C23C555A2684156C00F2C360 /* Build configuration list for PBXNativeTarget "embedSandU" */ = {
			isa = XCConfigurationList;
			buildConfigurations = (
				C23C555B2684156C00F2C360 /* Debug */,
				C23C555C2684156C00F2C360 /* Release */,
			);
			defaultConfigurationIsVisible = 0;
			defaultConfigurationName = Release;
		};
/* End XCConfigurationList section */
	};
	rootObject = C23C553E2684156B00F2C360 /* Project object */;
}
