// !$*UTF8*$!
{
	archiveVersion = 1;
	classes = {
	};
	objectVersion = 50;
	objects = {

/* Begin PBXBuildFile section */
		C24E84ED2691E11600C34EEB /* MakePointApp.swift in Sources */ = {isa = PBXBuildFile; fileRef = C24E84DA2691E11400C34EEB /* MakePointApp.swift */; };
		C24E84EE2691E11600C34EEB /* MakePointApp.swift in Sources */ = {isa = PBXBuildFile; fileRef = C24E84DA2691E11400C34EEB /* MakePointApp.swift */; };
		C24E84EF2691E11600C34EEB /* ContentView.swift in Sources */ = {isa = PBXBuildFile; fileRef = C24E84DB2691E11400C34EEB /* ContentView.swift */; };
		C24E84F02691E11600C34EEB /* ContentView.swift in Sources */ = {isa = PBXBuildFile; fileRef = C24E84DB2691E11400C34EEB /* ContentView.swift */; };
		C24E84F12691E11600C34EEB /* Assets.xcassets in Resources */ = {isa = PBXBuildFile; fileRef = C24E84DC2691E11600C34EEB /* Assets.xcassets */; };
		C24E84F22691E11600C34EEB /* Assets.xcassets in Resources */ = {isa = PBXBuildFile; fileRef = C24E84DC2691E11600C34EEB /* Assets.xcassets */; };
		C2B1AAFA26929768006491DB /* ModelData.swift in Sources */ = {isa = PBXBuildFile; fileRef = C2B1AAF926929768006491DB /* ModelData.swift */; };
		C2B1AAFB26929768006491DB /* ModelData.swift in Sources */ = {isa = PBXBuildFile; fileRef = C2B1AAF926929768006491DB /* ModelData.swift */; };
		C2B1AAFD2692A60E006491DB /* ForeachView.swift in Sources */ = {isa = PBXBuildFile; fileRef = C2B1AAFC2692A60E006491DB /* ForeachView.swift */; };
		C2B1AAFE2692A60E006491DB /* ForeachView.swift in Sources */ = {isa = PBXBuildFile; fileRef = C2B1AAFC2692A60E006491DB /* ForeachView.swift */; };
		C2B1AB002692B8DA006491DB /* UIKitModelData.swift in Sources */ = {isa = PBXBuildFile; fileRef = C2B1AAFF2692B8DA006491DB /* UIKitModelData.swift */; };
		C2B1AB012692B8DA006491DB /* UIKitModelData.swift in Sources */ = {isa = PBXBuildFile; fileRef = C2B1AAFF2692B8DA006491DB /* UIKitModelData.swift */; };
/* End PBXBuildFile section */

/* Begin PBXFileReference section */
		C24E84DA2691E11400C34EEB /* MakePointApp.swift */ = {isa = PBXFileReference; lastKnownFileType = sourcecode.swift; path = MakePointApp.swift; sourceTree = "<group>"; };
		C24E84DB2691E11400C34EEB /* ContentView.swift */ = {isa = PBXFileReference; lastKnownFileType = sourcecode.swift; path = ContentView.swift; sourceTree = "<group>"; };
		C24E84DC2691E11600C34EEB /* Assets.xcassets */ = {isa = PBXFileReference; lastKnownFileType = folder.assetcatalog; path = Assets.xcassets; sourceTree = "<group>"; };
		C24E84E12691E11600C34EEB /* MakePoint.app */ = {isa = PBXFileReference; explicitFileType = wrapper.application; includeInIndex = 0; path = MakePoint.app; sourceTree = BUILT_PRODUCTS_DIR; };
		C24E84E42691E11600C34EEB /* Info.plist */ = {isa = PBXFileReference; lastKnownFileType = text.plist.xml; path = Info.plist; sourceTree = "<group>"; };
		C24E84E92691E11600C34EEB /* MakePoint.app */ = {isa = PBXFileReference; explicitFileType = wrapper.application; includeInIndex = 0; path = MakePoint.app; sourceTree = BUILT_PRODUCTS_DIR; };
		C24E84EB2691E11600C34EEB /* Info.plist */ = {isa = PBXFileReference; lastKnownFileType = text.plist.xml; path = Info.plist; sourceTree = "<group>"; };
		C24E84EC2691E11600C34EEB /* macOS.entitlements */ = {isa = PBXFileReference; lastKnownFileType = text.plist.entitlements; path = macOS.entitlements; sourceTree = "<group>"; };
		C2B1AAF926929768006491DB /* ModelData.swift */ = {isa = PBXFileReference; lastKnownFileType = sourcecode.swift; path = ModelData.swift; sourceTree = "<group>"; };
		C2B1AAFC2692A60E006491DB /* ForeachView.swift */ = {isa = PBXFileReference; lastKnownFileType = sourcecode.swift; path = ForeachView.swift; sourceTree = "<group>"; };
		C2B1AAFF2692B8DA006491DB /* UIKitModelData.swift */ = {isa = PBXFileReference; fileEncoding = 4; lastKnownFileType = sourcecode.swift; path = UIKitModelData.swift; sourceTree = "<group>"; };
/* End PBXFileReference section */

/* Begin PBXFrameworksBuildPhase section */
		C24E84DE2691E11600C34EEB /* Frameworks */ = {
			isa = PBXFrameworksBuildPhase;
			buildActionMask = 2147483647;
			files = (
			);
			runOnlyForDeploymentPostprocessing = 0;
		};
		C24E84E62691E11600C34EEB /* Frameworks */ = {
			isa = PBXFrameworksBuildPhase;
			buildActionMask = 2147483647;
			files = (
			);
			runOnlyForDeploymentPostprocessing = 0;
		};
/* End PBXFrameworksBuildPhase section */

/* Begin PBXGroup section */
		C24E84D42691E11400C34EEB = {
			isa = PBXGroup;
			children = (
				C24E84D92691E11400C34EEB /* Shared */,
				C24E84E32691E11600C34EEB /* iOS */,
				C24E84EA2691E11600C34EEB /* macOS */,
				C24E84E22691E11600C34EEB /* Products */,
			);
			sourceTree = "<group>";
		};
		C24E84D92691E11400C34EEB /* Shared */ = {
			isa = PBXGroup;
			children = (
				C24E84DA2691E11400C34EEB /* MakePointApp.swift */,
				C24E84DB2691E11400C34EEB /* ContentView.swift */,
				C2B1AAFC2692A60E006491DB /* ForeachView.swift */,
				C2B1AAF926929768006491DB /* ModelData.swift */,
				C2B1AAFF2692B8DA006491DB /* UIKitModelData.swift */,
				C24E84DC2691E11600C34EEB /* Assets.xcassets */,
			);
			path = Shared;
			sourceTree = "<group>";
		};
		C24E84E22691E11600C34EEB /* Products */ = {
			isa = PBXGroup;
			children = (
				C24E84E12691E11600C34EEB /* MakePoint.app */,
				C24E84E92691E11600C34EEB /* MakePoint.app */,
			);
			name = Products;
			sourceTree = "<group>";
		};
		C24E84E32691E11600C34EEB /* iOS */ = {
			isa = PBXGroup;
			children = (
				C24E84E42691E11600C34EEB /* Info.plist */,
			);
			path = iOS;
			sourceTree = "<group>";
		};
		C24E84EA2691E11600C34EEB /* macOS */ = {
			isa = PBXGroup;
			children = (
				C24E84EB2691E11600C34EEB /* Info.plist */,
				C24E84EC2691E11600C34EEB /* macOS.entitlements */,
			);
			path = macOS;
			sourceTree = "<group>";
		};
/* End PBXGroup section */

/* Begin PBXNativeTarget section */
		C24E84E02691E11600C34EEB /* MakePoint (iOS) */ = {
			isa = PBXNativeTarget;
			buildConfigurationList = C24E84F52691E11600C34EEB /* Build configuration list for PBXNativeTarget "MakePoint (iOS)" */;
			buildPhases = (
				C24E84DD2691E11600C34EEB /* Sources */,
				C24E84DE2691E11600C34EEB /* Frameworks */,
				C24E84DF2691E11600C34EEB /* Resources */,
			);
			buildRules = (
			);
			dependencies = (
			);
			name = "MakePoint (iOS)";
			productName = "MakePoint (iOS)";
			productReference = C24E84E12691E11600C34EEB /* MakePoint.app */;
			productType = "com.apple.product-type.application";
		};
		C24E84E82691E11600C34EEB /* MakePoint (macOS) */ = {
			isa = PBXNativeTarget;
			buildConfigurationList = C24E84F82691E11600C34EEB /* Build configuration list for PBXNativeTarget "MakePoint (macOS)" */;
			buildPhases = (
				C24E84E52691E11600C34EEB /* Sources */,
				C24E84E62691E11600C34EEB /* Frameworks */,
				C24E84E72691E11600C34EEB /* Resources */,
			);
			buildRules = (
			);
			dependencies = (
			);
			name = "MakePoint (macOS)";
			productName = "MakePoint (macOS)";
			productReference = C24E84E92691E11600C34EEB /* MakePoint.app */;
			productType = "com.apple.product-type.application";
		};
/* End PBXNativeTarget section */

/* Begin PBXProject section */
		C24E84D52691E11400C34EEB /* Project object */ = {
			isa = PBXProject;
			attributes = {
				LastSwiftUpdateCheck = 1250;
				LastUpgradeCheck = 1250;
				TargetAttributes = {
					C24E84E02691E11600C34EEB = {
						CreatedOnToolsVersion = 12.5.1;
					};
					C24E84E82691E11600C34EEB = {
						CreatedOnToolsVersion = 12.5.1;
					};
				};
			};
			buildConfigurationList = C24E84D82691E11400C34EEB /* Build configuration list for PBXProject "MakePoint" */;
			compatibilityVersion = "Xcode 9.3";
			developmentRegion = en;
			hasScannedForEncodings = 0;
			knownRegions = (
				en,
				Base,
			);
			mainGroup = C24E84D42691E11400C34EEB;
			productRefGroup = C24E84E22691E11600C34EEB /* Products */;
			projectDirPath = "";
			projectRoot = "";
			targets = (
				C24E84E02691E11600C34EEB /* MakePoint (iOS) */,
				C24E84E82691E11600C34EEB /* MakePoint (macOS) */,
			);
		};
/* End PBXProject section */

/* Begin PBXResourcesBuildPhase section */
		C24E84DF2691E11600C34EEB /* Resources */ = {
			isa = PBXResourcesBuildPhase;
			buildActionMask = 2147483647;
			files = (
				C24E84F12691E11600C34EEB /* Assets.xcassets in Resources */,
			);
			runOnlyForDeploymentPostprocessing = 0;
		};
		C24E84E72691E11600C34EEB /* Resources */ = {
			isa = PBXResourcesBuildPhase;
			buildActionMask = 2147483647;
			files = (
				C24E84F22691E11600C34EEB /* Assets.xcassets in Resources */,
			);
			runOnlyForDeploymentPostprocessing = 0;
		};
/* End PBXResourcesBuildPhase section */

/* Begin PBXSourcesBuildPhase section */
		C24E84DD2691E11600C34EEB /* Sources */ = {
			isa = PBXSourcesBuildPhase;
			buildActionMask = 2147483647;
			files = (
				C24E84EF2691E11600C34EEB /* ContentView.swift in Sources */,
				C24E84ED2691E11600C34EEB /* MakePointApp.swift in Sources */,
				C2B1AAFA26929768006491DB /* ModelData.swift in Sources */,
				C2B1AAFD2692A60E006491DB /* ForeachView.swift in Sources */,
				C2B1AB002692B8DA006491DB /* UIKitModelData.swift in Sources */,
			);
			runOnlyForDeploymentPostprocessing = 0;
		};
		C24E84E52691E11600C34EEB /* Sources */ = {
			isa = PBXSourcesBuildPhase;
			buildActionMask = 2147483647;
			files = (
				C24E84F02691E11600C34EEB /* ContentView.swift in Sources */,
				C24E84EE2691E11600C34EEB /* MakePointApp.swift in Sources */,
				C2B1AAFB26929768006491DB /* ModelData.swift in Sources */,
				C2B1AAFE2692A60E006491DB /* ForeachView.swift in Sources */,
				C2B1AB012692B8DA006491DB /* UIKitModelData.swift in Sources */,
			);
			runOnlyForDeploymentPostprocessing = 0;
		};
/* End PBXSourcesBuildPhase section */

/* Begin XCBuildConfiguration section */
		C24E84F32691E11600C34EEB /* Debug */ = {
			isa = XCBuildConfiguration;
			buildSettings = {
				ALWAYS_SEARCH_USER_PATHS = NO;
				CLANG_ANALYZER_NONNULL = YES;
				CLANG_ANALYZER_NUMBER_OBJECT_CONVERSION = YES_AGGRESSIVE;
				CLANG_CXX_LANGUAGE_STANDARD = "gnu++14";
				CLANG_CXX_LIBRARY = "libc++";
				CLANG_ENABLE_MODULES = YES;
				CLANG_ENABLE_OBJC_ARC = YES;
				CLANG_ENABLE_OBJC_WEAK = YES;
				CLANG_WARN_BLOCK_CAPTURE_AUTORELEASING = YES;
				CLANG_WARN_BOOL_CONVERSION = YES;
				CLANG_WARN_COMMA = YES;
				CLANG_WARN_CONSTANT_CONVERSION = YES;
				CLANG_WARN_DEPRECATED_OBJC_IMPLEMENTATIONS = YES;
				CLANG_WARN_DIRECT_OBJC_ISA_USAGE = YES_ERROR;
				CLANG_WARN_DOCUMENTATION_COMMENTS = YES;
				CLANG_WARN_EMPTY_BODY = YES;
				CLANG_WARN_ENUM_CONVERSION = YES;
				CLANG_WARN_INFINITE_RECURSION = YES;
				CLANG_WARN_INT_CONVERSION = YES;
				CLANG_WARN_NON_LITERAL_NULL_CONVERSION = YES;
				CLANG_WARN_OBJC_IMPLICIT_RETAIN_SELF = YES;
				CLANG_WARN_OBJC_LITERAL_CONVERSION = YES;
				CLANG_WARN_OBJC_ROOT_CLASS = YES_ERROR;
				CLANG_WARN_QUOTED_INCLUDE_IN_FRAMEWORK_HEADER = YES;
				CLANG_WARN_RANGE_LOOP_ANALYSIS = YES;
				CLANG_WARN_STRICT_PROTOTYPES = YES;
				CLANG_WARN_SUSPICIOUS_MOVE = YES;
				CLANG_WARN_UNGUARDED_AVAILABILITY = YES_AGGRESSIVE;
				CLANG_WARN_UNREACHABLE_CODE = YES;
				CLANG_WARN__DUPLICATE_METHOD_MATCH = YES;
				COPY_PHASE_STRIP = NO;
				DEBUG_INFORMATION_FORMAT = dwarf;
				ENABLE_STRICT_OBJC_MSGSEND = YES;
				ENABLE_TESTABILITY = YES;
				GCC_C_LANGUAGE_STANDARD = gnu11;
				GCC_DYNAMIC_NO_PIC = NO;
				GCC_NO_COMMON_BLOCKS = YES;
				GCC_OPTIMIZATION_LEVEL = 0;
				GCC_PREPROCESSOR_DEFINITIONS = (
					"DEBUG=1",
					"$(inherited)",
				);
				GCC_WARN_64_TO_32_BIT_CONVERSION = YES;
				GCC_WARN_ABOUT_RETURN_TYPE = YES_ERROR;
				GCC_WARN_UNDECLARED_SELECTOR = YES;
				GCC_WARN_UNINITIALIZED_AUTOS = YES_AGGRESSIVE;
				GCC_WARN_UNUSED_FUNCTION = YES;
				GCC_WARN_UNUSED_VARIABLE = YES;
				MTL_ENABLE_DEBUG_INFO = INCLUDE_SOURCE;
				MTL_FAST_MATH = YES;
				ONLY_ACTIVE_ARCH = YES;
				SWIFT_ACTIVE_COMPILATION_CONDITIONS = DEBUG;
				SWIFT_OPTIMIZATION_LEVEL = "-Onone";
			};
			name = Debug;
		};
		C24E84F42691E11600C34EEB /* Release */ = {
			isa = XCBuildConfiguration;
			buildSettings = {
				ALWAYS_SEARCH_USER_PATHS = NO;
				CLANG_ANALYZER_NONNULL = YES;
				CLANG_ANALYZER_NUMBER_OBJECT_CONVERSION = YES_AGGRESSIVE;
				CLANG_CXX_LANGUAGE_STANDARD = "gnu++14";
				CLANG_CXX_LIBRARY = "libc++";
				CLANG_ENABLE_MODULES = YES;
				CLANG_ENABLE_OBJC_ARC = YES;
				CLANG_ENABLE_OBJC_WEAK = YES;
				CLANG_WARN_BLOCK_CAPTURE_AUTORELEASING = YES;
				CLANG_WARN_BOOL_CONVERSION = YES;
				CLANG_WARN_COMMA = YES;
				CLANG_WARN_CONSTANT_CONVERSION = YES;
				CLANG_WARN_DEPRECATED_OBJC_IMPLEMENTATIONS = YES;
				CLANG_WARN_DIRECT_OBJC_ISA_USAGE = YES_ERROR;
				CLANG_WARN_DOCUMENTATION_COMMENTS = YES;
				CLANG_WARN_EMPTY_BODY = YES;
				CLANG_WARN_ENUM_CONVERSION = YES;
				CLANG_WARN_INFINITE_RECURSION = YES;
				CLANG_WARN_INT_CONVERSION = YES;
				CLANG_WARN_NON_LITERAL_NULL_CONVERSION = YES;
				CLANG_WARN_OBJC_IMPLICIT_RETAIN_SELF = YES;
				CLANG_WARN_OBJC_LITERAL_CONVERSION = YES;
				CLANG_WARN_OBJC_ROOT_CLASS = YES_ERROR;
				CLANG_WARN_QUOTED_INCLUDE_IN_FRAMEWORK_HEADER = YES;
				CLANG_WARN_RANGE_LOOP_ANALYSIS = YES;
				CLANG_WARN_STRICT_PROTOTYPES = YES;
				CLANG_WARN_SUSPICIOUS_MOVE = YES;
				CLANG_WARN_UNGUARDED_AVAILABILITY = YES_AGGRESSIVE;
				CLANG_WARN_UNREACHABLE_CODE = YES;
				CLANG_WARN__DUPLICATE_METHOD_MATCH = YES;
				COPY_PHASE_STRIP = NO;
				DEBUG_INFORMATION_FORMAT = "dwarf-with-dsym";
				ENABLE_NS_ASSERTIONS = NO;
				ENABLE_STRICT_OBJC_MSGSEND = YES;
				GCC_C_LANGUAGE_STANDARD = gnu11;
				GCC_NO_COMMON_BLOCKS = YES;
				GCC_WARN_64_TO_32_BIT_CONVERSION = YES;
				GCC_WARN_ABOUT_RETURN_TYPE = YES_ERROR;
				GCC_WARN_UNDECLARED_SELECTOR = YES;
				GCC_WARN_UNINITIALIZED_AUTOS = YES_AGGRESSIVE;
				GCC_WARN_UNUSED_FUNCTION = YES;
				GCC_WARN_UNUSED_VARIABLE = YES;
				MTL_ENABLE_DEBUG_INFO = NO;
				MTL_FAST_MATH = YES;
				SWIFT_COMPILATION_MODE = wholemodule;
				SWIFT_OPTIMIZATION_LEVEL = "-O";
			};
			name = Release;
		};
		C24E84F62691E11600C34EEB /* Debug */ = {
			isa = XCBuildConfiguration;
			buildSettings = {
				ASSETCATALOG_COMPILER_APPICON_NAME = AppIcon;
				ASSETCATALOG_COMPILER_GLOBAL_ACCENT_COLOR_NAME = AccentColor;
				CODE_SIGN_STYLE = Automatic;
				ENABLE_PREVIEWS = YES;
				INFOPLIST_FILE = iOS/Info.plist;
				IPHONEOS_DEPLOYMENT_TARGET = 14.0;
				LD_RUNPATH_SEARCH_PATHS = (
					"$(inherited)",
					"@executable_path/Frameworks",
				);
				PRODUCT_BUNDLE_IDENTIFIER = zindex.MakePoint;
				PRODUCT_NAME = MakePoint;
				SDKROOT = iphoneos;
				SWIFT_VERSION = 5.0;
				TARGETED_DEVICE_FAMILY = "1,2";
			};
			name = Debug;
		};
		C24E84F72691E11600C34EEB /* Release */ = {
			isa = XCBuildConfiguration;
			buildSettings = {
				ASSETCATALOG_COMPILER_APPICON_NAME = AppIcon;
				ASSETCATALOG_COMPILER_GLOBAL_ACCENT_COLOR_NAME = AccentColor;
				CODE_SIGN_STYLE = Automatic;
				ENABLE_PREVIEWS = YES;
				INFOPLIST_FILE = iOS/Info.plist;
				IPHONEOS_DEPLOYMENT_TARGET = 14.0;
				LD_RUNPATH_SEARCH_PATHS = (
					"$(inherited)",
					"@executable_path/Frameworks",
				);
				PRODUCT_BUNDLE_IDENTIFIER = zindex.MakePoint;
				PRODUCT_NAME = MakePoint;
				SDKROOT = iphoneos;
				SWIFT_VERSION = 5.0;
				TARGETED_DEVICE_FAMILY = "1,2";
				VALIDATE_PRODUCT = YES;
			};
			name = Release;
		};
		C24E84F92691E11600C34EEB /* Debug */ = {
			isa = XCBuildConfiguration;
			buildSettings = {
				ASSETCATALOG_COMPILER_APPICON_NAME = AppIcon;
				ASSETCATALOG_COMPILER_GLOBAL_ACCENT_COLOR_NAME = AccentColor;
				CODE_SIGN_ENTITLEMENTS = macOS/macOS.entitlements;
				CODE_SIGN_STYLE = Automatic;
				COMBINE_HIDPI_IMAGES = YES;
				ENABLE_PREVIEWS = YES;
				INFOPLIST_FILE = macOS/Info.plist;
				LD_RUNPATH_SEARCH_PATHS = (
					"$(inherited)",
					"@executable_path/../Frameworks",
				);
				MACOSX_DEPLOYMENT_TARGET = 11.0;
				PRODUCT_BUNDLE_IDENTIFIER = zindex.MakePoint;
				PRODUCT_NAME = MakePoint;
				SDKROOT = macosx;
				SWIFT_VERSION = 5.0;
			};
			name = Debug;
		};
		C24E84FA2691E11600C34EEB /* Release */ = {
			isa = XCBuildConfiguration;
			buildSettings = {
				ASSETCATALOG_COMPILER_APPICON_NAME = AppIcon;
				ASSETCATALOG_COMPILER_GLOBAL_ACCENT_COLOR_NAME = AccentColor;
				CODE_SIGN_ENTITLEMENTS = macOS/macOS.entitlements;
				CODE_SIGN_STYLE = Automatic;
				COMBINE_HIDPI_IMAGES = YES;
				ENABLE_PREVIEWS = YES;
				INFOPLIST_FILE = macOS/Info.plist;
				LD_RUNPATH_SEARCH_PATHS = (
					"$(inherited)",
					"@executable_path/../Frameworks",
				);
				MACOSX_DEPLOYMENT_TARGET = 11.0;
				PRODUCT_BUNDLE_IDENTIFIER = zindex.MakePoint;
				PRODUCT_NAME = MakePoint;
				SDKROOT = macosx;
				SWIFT_VERSION = 5.0;
			};
			name = Release;
		};
/* End XCBuildConfiguration section */

/* Begin XCConfigurationList section */
		C24E84D82691E11400C34EEB /* Build configuration list for PBXProject "MakePoint" */ = {
			isa = XCConfigurationList;
			buildConfigurations = (
				C24E84F32691E11600C34EEB /* Debug */,
				C24E84F42691E11600C34EEB /* Release */,
			);
			defaultConfigurationIsVisible = 0;
			defaultConfigurationName = Release;
		};
		C24E84F52691E11600C34EEB /* Build configuration list for PBXNativeTarget "MakePoint (iOS)" */ = {
			isa = XCConfigurationList;
			buildConfigurations = (
				C24E84F62691E11600C34EEB /* Debug */,
				C24E84F72691E11600C34EEB /* Release */,
			);
			defaultConfigurationIsVisible = 0;
			defaultConfigurationName = Release;
		};
		C24E84F82691E11600C34EEB /* Build configuration list for PBXNativeTarget "MakePoint (macOS)" */ = {
			isa = XCConfigurationList;
			buildConfigurations = (
				C24E84F92691E11600C34EEB /* Debug */,
				C24E84FA2691E11600C34EEB /* Release */,
			);
			defaultConfigurationIsVisible = 0;
			defaultConfigurationName = Release;
		};
/* End XCConfigurationList section */
	};
	rootObject = C24E84D52691E11400C34EEB /* Project object */;
}
